
Microsoft Visual Studio Solution File, Format Version 12.00
# Visual Studio 15
VisualStudioVersion = 15.0.28307.168
MinimumVisualStudioVersion = 10.0.40219.1
Project("{8BC9CEB8-8B4A-11D0-8D11-00A0C91BC942}") = "运动员参加跳水比赛求名词", "运动员参加跳水比赛求名词\运动员参加跳水比赛求名词.vcxproj", "{33D078A5-40AF-496B-8B45-C78C96B62BC3}"
EndProject
Global
	GlobalSection(SolutionConfigurationPlatforms) = preSolution
		Debug|x64 = Debug|x64
		Debug|x86 = Debug|x86
		Release|x64 = Release|x64
		Release|x86 = Release|x86
	EndGlobalSection
	GlobalSection(ProjectConfigurationPlatforms) = postSolution
		{33D078A5-40AF-496B-8B45-C78C96B62BC3}.Debug|x64.ActiveCfg = Debug|x64
		{33D078A5-40AF-496B-8B45-C78C96B62BC3}.Debug|x64.Build.0 = Debug|x64
		{33D078A5-40AF-496B-8B45-C78C96B62BC3}.Debug|x86.ActiveCfg = Debug|Win32
		{33D078A5-40AF-496B-8B45-C78C96B62BC3}.Debug|x86.Build.0 = Debug|Win32
		{33D078A5-40AF-496B-8B45-C78C96B62BC3}.Release|x64.ActiveCfg = Release|x64
		{33D078A5-40AF-496B-8B45-C78C96B62BC3}.Release|x64.Build.0 = Release|x64
		{33D078A5-40AF-496B-8B45-C78C96B62BC3}.Release|x86.ActiveCfg = Release|Win32
		{33D078A5-40AF-496B-8B45-C78C96B62BC3}.Release|x86.Build.0 = Release|Win32
	EndGlobalSection
	GlobalSection(SolutionProperties) = preSolution
		HideSolutionNode = FALSE
	EndGlobalSection
	GlobalSection(ExtensibilityGlobals) = postSolution
		SolutionGuid = {721AC437-0B35-48EF-AB45-FD2F39DE6B72}
	EndGlobalSection
EndGlobal
