
Microsoft Visual Studio Solution File, Format Version 12.00
# Visual Studio 15
VisualStudioVersion = 15.0.28307.168
MinimumVisualStudioVersion = 10.0.40219.1
Project("{8BC9CEB8-8B4A-11D0-8D11-00A0C91BC942}") = "递归和非递归分别实现strlen", "递归和非递归分别实现strlen\递归和非递归分别实现strlen.vcxproj", "{9487721E-B92A-42EE-B816-A91835FD611D}"
EndProject
Global
	GlobalSection(SolutionConfigurationPlatforms) = preSolution
		Debug|x64 = Debug|x64
		Debug|x86 = Debug|x86
		Release|x64 = Release|x64
		Release|x86 = Release|x86
	EndGlobalSection
	GlobalSection(ProjectConfigurationPlatforms) = postSolution
		{9487721E-B92A-42EE-B816-A91835FD611D}.Debug|x64.ActiveCfg = Debug|x64
		{9487721E-B92A-42EE-B816-A91835FD611D}.Debug|x64.Build.0 = Debug|x64
		{9487721E-B92A-42EE-B816-A91835FD611D}.Debug|x86.ActiveCfg = Debug|Win32
		{9487721E-B92A-42EE-B816-A91835FD611D}.Debug|x86.Build.0 = Debug|Win32
		{9487721E-B92A-42EE-B816-A91835FD611D}.Release|x64.ActiveCfg = Release|x64
		{9487721E-B92A-42EE-B816-A91835FD611D}.Release|x64.Build.0 = Release|x64
		{9487721E-B92A-42EE-B816-A91835FD611D}.Release|x86.ActiveCfg = Release|Win32
		{9487721E-B92A-42EE-B816-A91835FD611D}.Release|x86.Build.0 = Release|Win32
	EndGlobalSection
	GlobalSection(SolutionProperties) = preSolution
		HideSolutionNode = FALSE
	EndGlobalSection
	GlobalSection(ExtensibilityGlobals) = postSolution
		SolutionGuid = {F49CF498-E357-4FF4-8D88-A68CE863F3BF}
	EndGlobalSection
EndGlobal
