
Microsoft Visual Studio Solution File, Format Version 12.00
# Visual Studio 15
VisualStudioVersion = 15.0.28307.168
MinimumVisualStudioVersion = 10.0.40219.1
Project("{8BC9CEB8-8B4A-11D0-8D11-00A0C91BC942}") = "test1", "test1\test1.vcxproj", "{090A335E-5AF9-4F85-BC0E-BF9A20CF9E9F}"
EndProject
Global
	GlobalSection(SolutionConfigurationPlatforms) = preSolution
		Debug|x64 = Debug|x64
		Debug|x86 = Debug|x86
		Release|x64 = Release|x64
		Release|x86 = Release|x86
	EndGlobalSection
	GlobalSection(ProjectConfigurationPlatforms) = postSolution
		{090A335E-5AF9-4F85-BC0E-BF9A20CF9E9F}.Debug|x64.ActiveCfg = Debug|x64
		{090A335E-5AF9-4F85-BC0E-BF9A20CF9E9F}.Debug|x64.Build.0 = Debug|x64
		{090A335E-5AF9-4F85-BC0E-BF9A20CF9E9F}.Debug|x86.ActiveCfg = Debug|Win32
		{090A335E-5AF9-4F85-BC0E-BF9A20CF9E9F}.Debug|x86.Build.0 = Debug|Win32
		{090A335E-5AF9-4F85-BC0E-BF9A20CF9E9F}.Release|x64.ActiveCfg = Release|x64
		{090A335E-5AF9-4F85-BC0E-BF9A20CF9E9F}.Release|x64.Build.0 = Release|x64
		{090A335E-5AF9-4F85-BC0E-BF9A20CF9E9F}.Release|x86.ActiveCfg = Release|Win32
		{090A335E-5AF9-4F85-BC0E-BF9A20CF9E9F}.Release|x86.Build.0 = Release|Win32
	EndGlobalSection
	GlobalSection(SolutionProperties) = preSolution
		HideSolutionNode = FALSE
	EndGlobalSection
	GlobalSection(ExtensibilityGlobals) = postSolution
		SolutionGuid = {FC77C300-5744-4945-B716-A7340DE3B117}
	EndGlobalSection
EndGlobal
