
Microsoft Visual Studio Solution File, Format Version 12.00
# Visual Studio 15
VisualStudioVersion = 15.0.28307.168
MinimumVisualStudioVersion = 10.0.40219.1
Project("{8BC9CEB8-8B4A-11D0-8D11-00A0C91BC942}") = "杨氏矩阵数数", "杨氏矩阵数数\杨氏矩阵数数.vcxproj", "{ADBA21A2-5C5C-416D-B1E5-717E0B86AC04}"
EndProject
Global
	GlobalSection(SolutionConfigurationPlatforms) = preSolution
		Debug|x64 = Debug|x64
		Debug|x86 = Debug|x86
		Release|x64 = Release|x64
		Release|x86 = Release|x86
	EndGlobalSection
	GlobalSection(ProjectConfigurationPlatforms) = postSolution
		{ADBA21A2-5C5C-416D-B1E5-717E0B86AC04}.Debug|x64.ActiveCfg = Debug|x64
		{ADBA21A2-5C5C-416D-B1E5-717E0B86AC04}.Debug|x64.Build.0 = Debug|x64
		{ADBA21A2-5C5C-416D-B1E5-717E0B86AC04}.Debug|x86.ActiveCfg = Debug|Win32
		{ADBA21A2-5C5C-416D-B1E5-717E0B86AC04}.Debug|x86.Build.0 = Debug|Win32
		{ADBA21A2-5C5C-416D-B1E5-717E0B86AC04}.Release|x64.ActiveCfg = Release|x64
		{ADBA21A2-5C5C-416D-B1E5-717E0B86AC04}.Release|x64.Build.0 = Release|x64
		{ADBA21A2-5C5C-416D-B1E5-717E0B86AC04}.Release|x86.ActiveCfg = Release|Win32
		{ADBA21A2-5C5C-416D-B1E5-717E0B86AC04}.Release|x86.Build.0 = Release|Win32
	EndGlobalSection
	GlobalSection(SolutionProperties) = preSolution
		HideSolutionNode = FALSE
	EndGlobalSection
	GlobalSection(ExtensibilityGlobals) = postSolution
		SolutionGuid = {9E20D3D6-27D8-46E8-9AEE-46B9917F6811}
	EndGlobalSection
EndGlobal
