
Microsoft Visual Studio Solution File, Format Version 12.00
# Visual Studio 15
VisualStudioVersion = 15.0.28307.168
MinimumVisualStudioVersion = 10.0.40219.1
Project("{8BC9CEB8-8B4A-11D0-8D11-00A0C91BC942}") = "输出菱形图案", "输出菱形图案\输出菱形图案.vcxproj", "{817A7AC5-69EB-4A29-B2DA-35A0E79D5657}"
EndProject
Global
	GlobalSection(SolutionConfigurationPlatforms) = preSolution
		Debug|x64 = Debug|x64
		Debug|x86 = Debug|x86
		Release|x64 = Release|x64
		Release|x86 = Release|x86
	EndGlobalSection
	GlobalSection(ProjectConfigurationPlatforms) = postSolution
		{817A7AC5-69EB-4A29-B2DA-35A0E79D5657}.Debug|x64.ActiveCfg = Debug|x64
		{817A7AC5-69EB-4A29-B2DA-35A0E79D5657}.Debug|x64.Build.0 = Debug|x64
		{817A7AC5-69EB-4A29-B2DA-35A0E79D5657}.Debug|x86.ActiveCfg = Debug|Win32
		{817A7AC5-69EB-4A29-B2DA-35A0E79D5657}.Debug|x86.Build.0 = Debug|Win32
		{817A7AC5-69EB-4A29-B2DA-35A0E79D5657}.Release|x64.ActiveCfg = Release|x64
		{817A7AC5-69EB-4A29-B2DA-35A0E79D5657}.Release|x64.Build.0 = Release|x64
		{817A7AC5-69EB-4A29-B2DA-35A0E79D5657}.Release|x86.ActiveCfg = Release|Win32
		{817A7AC5-69EB-4A29-B2DA-35A0E79D5657}.Release|x86.Build.0 = Release|Win32
	EndGlobalSection
	GlobalSection(SolutionProperties) = preSolution
		HideSolutionNode = FALSE
	EndGlobalSection
	GlobalSection(ExtensibilityGlobals) = postSolution
		SolutionGuid = {5774FACF-1976-4D27-AA99-3709058AC67D}
	EndGlobalSection
EndGlobal
