
Microsoft Visual Studio Solution File, Format Version 12.00
# Visual Studio 15
VisualStudioVersion = 15.0.28307.168
MinimumVisualStudioVersion = 10.0.40219.1
Project("{8BC9CEB8-8B4A-11D0-8D11-00A0C91BC942}") = "输入三次密码", "输入三次密码\输入三次密码.vcxproj", "{27976984-7983-4F53-92E1-DFD08B7F3920}"
EndProject
Global
	GlobalSection(SolutionConfigurationPlatforms) = preSolution
		Debug|x64 = Debug|x64
		Debug|x86 = Debug|x86
		Release|x64 = Release|x64
		Release|x86 = Release|x86
	EndGlobalSection
	GlobalSection(ProjectConfigurationPlatforms) = postSolution
		{27976984-7983-4F53-92E1-DFD08B7F3920}.Debug|x64.ActiveCfg = Debug|x64
		{27976984-7983-4F53-92E1-DFD08B7F3920}.Debug|x64.Build.0 = Debug|x64
		{27976984-7983-4F53-92E1-DFD08B7F3920}.Debug|x86.ActiveCfg = Debug|Win32
		{27976984-7983-4F53-92E1-DFD08B7F3920}.Debug|x86.Build.0 = Debug|Win32
		{27976984-7983-4F53-92E1-DFD08B7F3920}.Release|x64.ActiveCfg = Release|x64
		{27976984-7983-4F53-92E1-DFD08B7F3920}.Release|x64.Build.0 = Release|x64
		{27976984-7983-4F53-92E1-DFD08B7F3920}.Release|x86.ActiveCfg = Release|Win32
		{27976984-7983-4F53-92E1-DFD08B7F3920}.Release|x86.Build.0 = Release|Win32
	EndGlobalSection
	GlobalSection(SolutionProperties) = preSolution
		HideSolutionNode = FALSE
	EndGlobalSection
	GlobalSection(ExtensibilityGlobals) = postSolution
		SolutionGuid = {6B6B548B-44F8-48A9-9536-6A91EFBC1991}
	EndGlobalSection
EndGlobal
