
Microsoft Visual Studio Solution File, Format Version 12.00
# Visual Studio 15
VisualStudioVersion = 15.0.28307.168
MinimumVisualStudioVersion = 10.0.40219.1
Project("{8BC9CEB8-8B4A-11D0-8D11-00A0C91BC942}") = "模拟strcmp", "模拟strcmp\模拟strcmp.vcxproj", "{433EEC58-08EB-4791-BD01-5CB81038F48A}"
EndProject
Global
	GlobalSection(SolutionConfigurationPlatforms) = preSolution
		Debug|x64 = Debug|x64
		Debug|x86 = Debug|x86
		Release|x64 = Release|x64
		Release|x86 = Release|x86
	EndGlobalSection
	GlobalSection(ProjectConfigurationPlatforms) = postSolution
		{433EEC58-08EB-4791-BD01-5CB81038F48A}.Debug|x64.ActiveCfg = Debug|x64
		{433EEC58-08EB-4791-BD01-5CB81038F48A}.Debug|x64.Build.0 = Debug|x64
		{433EEC58-08EB-4791-BD01-5CB81038F48A}.Debug|x86.ActiveCfg = Debug|Win32
		{433EEC58-08EB-4791-BD01-5CB81038F48A}.Debug|x86.Build.0 = Debug|Win32
		{433EEC58-08EB-4791-BD01-5CB81038F48A}.Release|x64.ActiveCfg = Release|x64
		{433EEC58-08EB-4791-BD01-5CB81038F48A}.Release|x64.Build.0 = Release|x64
		{433EEC58-08EB-4791-BD01-5CB81038F48A}.Release|x86.ActiveCfg = Release|Win32
		{433EEC58-08EB-4791-BD01-5CB81038F48A}.Release|x86.Build.0 = Release|Win32
	EndGlobalSection
	GlobalSection(SolutionProperties) = preSolution
		HideSolutionNode = FALSE
	EndGlobalSection
	GlobalSection(ExtensibilityGlobals) = postSolution
		SolutionGuid = {4AD43698-470E-48FD-9F9A-7210966B6073}
	EndGlobalSection
EndGlobal
