
Microsoft Visual Studio Solution File, Format Version 12.00
# Visual Studio 15
VisualStudioVersion = 15.0.28307.168
MinimumVisualStudioVersion = 10.0.40219.1
Project("{8BC9CEB8-8B4A-11D0-8D11-00A0C91BC942}") = "函数判断闰年", "函数判断闰年\函数判断闰年.vcxproj", "{4003CEF5-0469-4F53-B70F-8245908D280C}"
EndProject
Global
	GlobalSection(SolutionConfigurationPlatforms) = preSolution
		Debug|x64 = Debug|x64
		Debug|x86 = Debug|x86
		Release|x64 = Release|x64
		Release|x86 = Release|x86
	EndGlobalSection
	GlobalSection(ProjectConfigurationPlatforms) = postSolution
		{4003CEF5-0469-4F53-B70F-8245908D280C}.Debug|x64.ActiveCfg = Debug|x64
		{4003CEF5-0469-4F53-B70F-8245908D280C}.Debug|x64.Build.0 = Debug|x64
		{4003CEF5-0469-4F53-B70F-8245908D280C}.Debug|x86.ActiveCfg = Debug|Win32
		{4003CEF5-0469-4F53-B70F-8245908D280C}.Debug|x86.Build.0 = Debug|Win32
		{4003CEF5-0469-4F53-B70F-8245908D280C}.Release|x64.ActiveCfg = Release|x64
		{4003CEF5-0469-4F53-B70F-8245908D280C}.Release|x64.Build.0 = Release|x64
		{4003CEF5-0469-4F53-B70F-8245908D280C}.Release|x86.ActiveCfg = Release|Win32
		{4003CEF5-0469-4F53-B70F-8245908D280C}.Release|x86.Build.0 = Release|Win32
	EndGlobalSection
	GlobalSection(SolutionProperties) = preSolution
		HideSolutionNode = FALSE
	EndGlobalSection
	GlobalSection(ExtensibilityGlobals) = postSolution
		SolutionGuid = {6F083487-6D28-4F32-8849-33C838087E3D}
	EndGlobalSection
EndGlobal
