
Microsoft Visual Studio Solution File, Format Version 12.00
# Visual Studio 15
VisualStudioVersion = 15.0.28307.168
MinimumVisualStudioVersion = 10.0.40219.1
Project("{FAE04EC0-301F-11D3-BF4B-00C04F79EFBC}") = "乘法口诀表.c", "乘法口诀表.c\乘法口诀表.c.csproj", "{49573C7A-2516-4C84-AD64-E0FB2B8C3F8F}"
EndProject
Global
	GlobalSection(SolutionConfigurationPlatforms) = preSolution
		Debug|ARM = Debug|ARM
		Debug|ARM64 = Debug|ARM64
		Debug|x64 = Debug|x64
		Debug|x86 = Debug|x86
		Release|ARM = Release|ARM
		Release|ARM64 = Release|ARM64
		Release|x64 = Release|x64
		Release|x86 = Release|x86
	EndGlobalSection
	GlobalSection(ProjectConfigurationPlatforms) = postSolution
		{49573C7A-2516-4C84-AD64-E0FB2B8C3F8F}.Debug|ARM.ActiveCfg = Debug|ARM
		{49573C7A-2516-4C84-AD64-E0FB2B8C3F8F}.Debug|ARM.Build.0 = Debug|ARM
		{49573C7A-2516-4C84-AD64-E0FB2B8C3F8F}.Debug|ARM.Deploy.0 = Debug|ARM
		{49573C7A-2516-4C84-AD64-E0FB2B8C3F8F}.Debug|ARM64.ActiveCfg = Debug|ARM64
		{49573C7A-2516-4C84-AD64-E0FB2B8C3F8F}.Debug|ARM64.Build.0 = Debug|ARM64
		{49573C7A-2516-4C84-AD64-E0FB2B8C3F8F}.Debug|ARM64.Deploy.0 = Debug|ARM64
		{49573C7A-2516-4C84-AD64-E0FB2B8C3F8F}.Debug|x64.ActiveCfg = Debug|x64
		{49573C7A-2516-4C84-AD64-E0FB2B8C3F8F}.Debug|x64.Build.0 = Debug|x64
		{49573C7A-2516-4C84-AD64-E0FB2B8C3F8F}.Debug|x64.Deploy.0 = Debug|x64
		{49573C7A-2516-4C84-AD64-E0FB2B8C3F8F}.Debug|x86.ActiveCfg = Debug|x86
		{49573C7A-2516-4C84-AD64-E0FB2B8C3F8F}.Debug|x86.Build.0 = Debug|x86
		{49573C7A-2516-4C84-AD64-E0FB2B8C3F8F}.Debug|x86.Deploy.0 = Debug|x86
		{49573C7A-2516-4C84-AD64-E0FB2B8C3F8F}.Release|ARM.ActiveCfg = Release|ARM
		{49573C7A-2516-4C84-AD64-E0FB2B8C3F8F}.Release|ARM.Build.0 = Release|ARM
		{49573C7A-2516-4C84-AD64-E0FB2B8C3F8F}.Release|ARM.Deploy.0 = Release|ARM
		{49573C7A-2516-4C84-AD64-E0FB2B8C3F8F}.Release|ARM64.ActiveCfg = Release|ARM64
		{49573C7A-2516-4C84-AD64-E0FB2B8C3F8F}.Release|ARM64.Build.0 = Release|ARM64
		{49573C7A-2516-4C84-AD64-E0FB2B8C3F8F}.Release|ARM64.Deploy.0 = Release|ARM64
		{49573C7A-2516-4C84-AD64-E0FB2B8C3F8F}.Release|x64.ActiveCfg = Release|x64
		{49573C7A-2516-4C84-AD64-E0FB2B8C3F8F}.Release|x64.Build.0 = Release|x64
		{49573C7A-2516-4C84-AD64-E0FB2B8C3F8F}.Release|x64.Deploy.0 = Release|x64
		{49573C7A-2516-4C84-AD64-E0FB2B8C3F8F}.Release|x86.ActiveCfg = Release|x86
		{49573C7A-2516-4C84-AD64-E0FB2B8C3F8F}.Release|x86.Build.0 = Release|x86
		{49573C7A-2516-4C84-AD64-E0FB2B8C3F8F}.Release|x86.Deploy.0 = Release|x86
	EndGlobalSection
	GlobalSection(SolutionProperties) = preSolution
		HideSolutionNode = FALSE
	EndGlobalSection
	GlobalSection(ExtensibilityGlobals) = postSolution
		SolutionGuid = {22EAC641-25AD-4F92-9B27-442BE9C532D7}
	EndGlobalSection
EndGlobal
